
Microsoft Visual Studio Solution File, Format Version 12.00
# Visual Studio Version 17
VisualStudioVersion = 17.7.34031.279
MinimumVisualStudioVersion = 10.0.40219.1
Project("{FAE04EC0-301F-11D3-BF4B-00C04F79EFBC}") = "Gonzalez_Keliam_Musica", "Gonzalez_Keliam_Musica.csproj", "{A3ABBC0F-9895-4C86-926C-C262BBC91067}"
EndProject
Global
	GlobalSection(SolutionConfigurationPlatforms) = preSolution
		Debug|Any CPU = Debug|Any CPU
		Release|Any CPU = Release|Any CPU
	EndGlobalSection
	GlobalSection(ProjectConfigurationPlatforms) = postSolution
		{A3ABBC0F-9895-4C86-926C-C262BBC91067}.Debug|Any CPU.ActiveCfg = Debug|Any CPU
		{A3ABBC0F-9895-4C86-926C-C262BBC91067}.Debug|Any CPU.Build.0 = Debug|Any CPU
		{A3ABBC0F-9895-4C86-926C-C262BBC91067}.Release|Any CPU.ActiveCfg = Release|Any CPU
		{A3ABBC0F-9895-4C86-926C-C262BBC91067}.Release|Any CPU.Build.0 = Release|Any CPU
	EndGlobalSection
	GlobalSection(SolutionProperties) = preSolution
		HideSolutionNode = FALSE
	EndGlobalSection
	GlobalSection(ExtensibilityGlobals) = postSolution
		SolutionGuid = {884D44B3-FAD5-4C2E-97BD-0D99A1300E38}
	EndGlobalSection
EndGlobal
