
Microsoft Visual Studio Solution File, Format Version 12.00
# Visual Studio Version 17
VisualStudioVersion = 17.7.34221.43
MinimumVisualStudioVersion = 10.0.40219.1
Project("{FAE04EC0-301F-11D3-BF4B-00C04F79EFBC}") = "HernandezJorge_API_Ej1", "HernandezJorge_API_Ej1.csproj", "{DA37E449-6628-4CDD-983B-2010AE26E00A}"
EndProject
Global
	GlobalSection(SolutionConfigurationPlatforms) = preSolution
		Debug|Any CPU = Debug|Any CPU
		Release|Any CPU = Release|Any CPU
	EndGlobalSection
	GlobalSection(ProjectConfigurationPlatforms) = postSolution
		{DA37E449-6628-4CDD-983B-2010AE26E00A}.Debug|Any CPU.ActiveCfg = Debug|Any CPU
		{DA37E449-6628-4CDD-983B-2010AE26E00A}.Debug|Any CPU.Build.0 = Debug|Any CPU
		{DA37E449-6628-4CDD-983B-2010AE26E00A}.Release|Any CPU.ActiveCfg = Release|Any CPU
		{DA37E449-6628-4CDD-983B-2010AE26E00A}.Release|Any CPU.Build.0 = Release|Any CPU
	EndGlobalSection
	GlobalSection(SolutionProperties) = preSolution
		HideSolutionNode = FALSE
	EndGlobalSection
	GlobalSection(ExtensibilityGlobals) = postSolution
		SolutionGuid = {B1D895BA-8DCE-453D-A27D-FCD7F99D1C76}
	EndGlobalSection
EndGlobal
